
Microsoft Visual Studio Solution File, Format Version 12.00
# Visual Studio Version 17
VisualStudioVersion = 17.8.34525.116
MinimumVisualStudioVersion = 10.0.40219.1
Project("{8BC9CEB8-8B4A-11D0-8D11-00A0C91BC942}") = "Disk-Scanner", "Disk-Scanner.vcxproj", "{600D5DF2-5CA1-4B98-B006-50E43A7D98BB}"
EndProject
Project("{54435603-DBB4-11D2-8724-00A0C9A8B90C}") = "ScannerSetup", "..\ScannerSetup\ScannerSetup.vdproj", "{B9E81349-5C7D-4C4F-9D88-6CBCDC36E1E4}"
EndProject
Global
	GlobalSection(SolutionConfigurationPlatforms) = preSolution
		Debug|x64 = Debug|x64
		Debug|x86 = Debug|x86
		Release|x64 = Release|x64
		Release|x86 = Release|x86
	EndGlobalSection
	GlobalSection(ProjectConfigurationPlatforms) = postSolution
		{600D5DF2-5CA1-4B98-B006-50E43A7D98BB}.Debug|x64.ActiveCfg = Debug|x64
		{600D5DF2-5CA1-4B98-B006-50E43A7D98BB}.Debug|x64.Build.0 = Debug|x64
		{600D5DF2-5CA1-4B98-B006-50E43A7D98BB}.Debug|x86.ActiveCfg = Debug|Win32
		{600D5DF2-5CA1-4B98-B006-50E43A7D98BB}.Debug|x86.Build.0 = Debug|Win32
		{600D5DF2-5CA1-4B98-B006-50E43A7D98BB}.Release|x64.ActiveCfg = Release|x64
		{600D5DF2-5CA1-4B98-B006-50E43A7D98BB}.Release|x64.Build.0 = Release|x64
		{600D5DF2-5CA1-4B98-B006-50E43A7D98BB}.Release|x86.ActiveCfg = Release|Win32
		{600D5DF2-5CA1-4B98-B006-50E43A7D98BB}.Release|x86.Build.0 = Release|Win32
		{B9E81349-5C7D-4C4F-9D88-6CBCDC36E1E4}.Debug|x64.ActiveCfg = Debug
		{B9E81349-5C7D-4C4F-9D88-6CBCDC36E1E4}.Debug|x64.Build.0 = Debug
		{B9E81349-5C7D-4C4F-9D88-6CBCDC36E1E4}.Debug|x86.ActiveCfg = Debug
		{B9E81349-5C7D-4C4F-9D88-6CBCDC36E1E4}.Debug|x86.Build.0 = Debug
		{B9E81349-5C7D-4C4F-9D88-6CBCDC36E1E4}.Release|x64.ActiveCfg = Release
		{B9E81349-5C7D-4C4F-9D88-6CBCDC36E1E4}.Release|x64.Build.0 = Release
		{B9E81349-5C7D-4C4F-9D88-6CBCDC36E1E4}.Release|x86.ActiveCfg = Release
		{B9E81349-5C7D-4C4F-9D88-6CBCDC36E1E4}.Release|x86.Build.0 = Release
	EndGlobalSection
	GlobalSection(SolutionProperties) = preSolution
		HideSolutionNode = FALSE
	EndGlobalSection
	GlobalSection(ExtensibilityGlobals) = postSolution
		SolutionGuid = {0CCEA14E-977C-4CF7-B011-26CAD2732D15}
	EndGlobalSection
EndGlobal
